# @generated by Move, please check-in and do not edit manually.

[move]
version = 1
manifest_digest = "4B30BC42A833AF91C6E1DFF6A664F17B505701AF3A9B552234563ED8BFC46D37"
deps_digest = "F9B494B64F0615AED0E98FC12A85B85ECD2BC5185C22D30E7F67786BB52E507C"
dependencies = [
  { name = "BucketOracle" },
  { name = "BucketProtocol" },
  { name = "MoveStdlib" },
  { name = "Sui" },
]

[[move.package]]
name = "BucketFramework"
source = { local = "deps/bucket-v1-core/framework" }

dependencies = [
  { name = "Sui" },
]

[[move.package]]
name = "BucketOracle"
source = { git = "https://github.com/Bucket-Protocol/oracle.git", rev = "test-only", subdir = "" }

dependencies = [
  { name = "Sui" },
]

[[move.package]]
name = "BucketProtocol"
source = { local = "deps/bucket-v1-core/protocol" }

dependencies = [
  { name = "BucketFramework" },
  { name = "BucketOracle" },
  { name = "Sui" },
]

[[move.package]]
name = "MoveStdlib"
source = { git = "https://github.com/MystenLabs/sui.git", rev = "framework/mainnet", subdir = "crates/sui-framework/packages/move-stdlib" }

[[move.package]]
name = "Sui"
source = { git = "https://github.com/MystenLabs/sui.git", rev = "framework/mainnet", subdir = "crates/sui-framework/packages/sui-framework" }

dependencies = [
  { name = "MoveStdlib" },
]

[move.toolchain-version]
compiler-version = "1.22.0"
edition = "legacy"
flavor = "sui"
