# @generated by Move, please check-in and do not edit manually.

[move]
version = 0
manifest_digest = "D8BF61006FE3728A7838ADF6FB45CEFA4A4C50AD166DA2921149DE5C79E44993"
deps_digest = "F9B494B64F0615AED0E98FC12A85B85ECD2BC5185C22D30E7F67786BB52E507C"

dependencies = [
  { name = "BucketOracle" },
  { name = "BucketProtocol" },
  { name = "MoveStdlib" },
  { name = "Sui" },
]

[[move.package]]
name = "BucketFramework"
source = { local = "deps/bucket-v1-core/framework" }

dependencies = [
  { name = "Sui" },
]

[[move.package]]
name = "BucketOracle"
source = { git = "https://github.com/Bucket-Protocol/oracle.git", rev = "testnet", subdir = "" }

dependencies = [
  { name = "Pyth" },
  { name = "Sui" },
  { name = "SupraOracle" },
  { name = "SwitchboardStdLib" },
  { name = "TestnetCoins" },
]

[[move.package]]
name = "BucketProtocol"
source = { local = "deps/bucket-v1-core/protocol" }

dependencies = [
  { name = "BucketFramework" },
  { name = "BucketOracle" },
  { name = "Sui" },
]

[[move.package]]
name = "MoveStdlib"
source = { git = "https://github.com/MystenLabs/sui.git", rev = "framework/testnet", subdir = "crates/sui-framework/packages/move-stdlib" }

[[move.package]]
name = "Pyth"
source = { git = "https://github.com/Bucket-Protocol/oracle.git", rev = "testnet", subdir = "partners/pyth" }

dependencies = [
  { name = "Sui" },
  { name = "Wormhole" },
]

[[move.package]]
name = "Sui"
source = { git = "https://github.com/MystenLabs/sui.git", rev = "framework/testnet", subdir = "crates/sui-framework/packages/sui-framework" }

dependencies = [
  { name = "MoveStdlib" },
]

[[move.package]]
name = "SupraOracle"
source = { git = "https://github.com/Bucket-Protocol/oracle.git", rev = "testnet", subdir = "partners/supra" }

dependencies = [
  { name = "Sui" },
]

[[move.package]]
name = "SwitchboardStdLib"
source = { git = "https://github.com/Bucket-Protocol/oracle.git", rev = "testnet", subdir = "partners/switchboard" }

dependencies = [
  { name = "MoveStdlib" },
  { name = "Sui" },
]

[[move.package]]
name = "TestnetCoins"
source = { git = "https://github.com/Bucket-Protocol/testnet-coins.git", rev = "main", subdir = "" }

dependencies = [
  { name = "Sui" },
]

[[move.package]]
name = "Wormhole"
source = { git = "https://github.com/Bucket-Protocol/oracle.git", rev = "testnet", subdir = "partners/pyth/wormhole" }

dependencies = [
  { name = "Sui" },
]

[move.toolchain-version]
compiler-version = "1.20.0"
edition = "legacy"
flavor = "sui"
