# @generated by Move, please check-in and do not edit manually.

[move]
version = 1
manifest_digest = "2A3CD4F7E66DDC1E58C3BE3B07B02707904280BB45BE6786AE7891FC8EE67DFA"
deps_digest = "CB99E3BEE139471F3765AE330F855F3B376156AA54F37DEDE11BBE5BB0D3BB74"
dev-dependencies = [
  { name = "AfSui" },
  { name = "BucketOracle" },
  { name = "BucketProtocol" },
  { name = "MoveStdlib" },
  { name = "Sui" },
]

[[move.package]]
name = "AfSui"
source = { local = "deps/aftermath-interfaces/afsui" }

dev-dependencies = [
  { name = "Safe" },
  { name = "Sui" },
]

[[move.package]]
name = "BucketFramework"
source = { local = "deps/bucket-v1-core/framework" }

dev-dependencies = [
  { name = "Sui" },
]

[[move.package]]
name = "BucketOracle"
source = { git = "https://github.com/Bucket-Protocol/oracle.git", rev = "test-only", subdir = "" }

dependencies = [
  { name = "Sui" },
]

[[move.package]]
name = "BucketProtocol"
source = { local = "deps/bucket-v1-core/protocol" }

dev-dependencies = [
  { name = "BucketFramework" },
  { name = "BucketOracle" },
  { name = "Sui" },
]

[[move.package]]
name = "MoveStdlib"
source = { git = "https://github.com/MystenLabs/sui.git", rev = "framework/mainnet", subdir = "crates/sui-framework/packages/move-stdlib" }

[[move.package]]
name = "Safe"
source = { local = "deps/aftermath-interfaces/safe" }

dev-dependencies = [
  { name = "Sui" },
]

[[move.package]]
name = "Sui"
source = { git = "https://github.com/MystenLabs/sui.git", rev = "framework/mainnet", subdir = "crates/sui-framework/packages/sui-framework" }

dependencies = [
  { name = "MoveStdlib" },
]

[move.toolchain-version]
compiler-version = "1.22.0"
edition = "legacy"
flavor = "sui"
